
Microsoft Visual Studio Solution File, Format Version 12.00
# Visual Studio Version 16
VisualStudioVersion = 16.0.30523.141
MinimumVisualStudioVersion = 10.0.40219.1
Project("{FAE04EC0-301F-11D3-BF4B-00C04F79EFBC}") = "EnumExample", "EnumExample\EnumExample.csproj", "{2E664A3F-7F3B-4E02-A5B1-65A1BB3EA362}"
EndProject
Global
	GlobalSection(SolutionConfigurationPlatforms) = preSolution
		Debug|Any CPU = Debug|Any CPU
		Release|Any CPU = Release|Any CPU
	EndGlobalSection
	GlobalSection(ProjectConfigurationPlatforms) = postSolution
		{2E664A3F-7F3B-4E02-A5B1-65A1BB3EA362}.Debug|Any CPU.ActiveCfg = Debug|Any CPU
		{2E664A3F-7F3B-4E02-A5B1-65A1BB3EA362}.Debug|Any CPU.Build.0 = Debug|Any CPU
		{2E664A3F-7F3B-4E02-A5B1-65A1BB3EA362}.Release|Any CPU.ActiveCfg = Release|Any CPU
		{2E664A3F-7F3B-4E02-A5B1-65A1BB3EA362}.Release|Any CPU.Build.0 = Release|Any CPU
	EndGlobalSection
	GlobalSection(SolutionProperties) = preSolution
		HideSolutionNode = FALSE
	EndGlobalSection
	GlobalSection(ExtensibilityGlobals) = postSolution
		SolutionGuid = {4E58B2FD-A751-4E75-B1BB-841AC0E15C6D}
	EndGlobalSection
EndGlobal
